
Microsoft Visual Studio Solution File, Format Version 12.00
# Visual Studio Version 17
VisualStudioVersion = 17.5.33516.290
MinimumVisualStudioVersion = 10.0.40219.1
Project("{9A19103F-16F7-4668-BE54-9A1E7A4F7556}") = "Academia", "Academia\Academia.csproj", "{C30955AF-BE21-4F09-A5D6-FE1C63F6D8B2}"
EndProject
Project("{FAE04EC0-301F-11D3-BF4B-00C04F79EFBC}") = "ClassLibrary1", "ClassLibrary1\ClassLibrary1.csproj", "{BFDB2FB0-A4BE-4C8F-AB4A-E059E8C6D069}"
EndProject
Global
	GlobalSection(SolutionConfigurationPlatforms) = preSolution
		Debug|Any CPU = Debug|Any CPU
		Release|Any CPU = Release|Any CPU
	EndGlobalSection
	GlobalSection(ProjectConfigurationPlatforms) = postSolution
		{C30955AF-BE21-4F09-A5D6-FE1C63F6D8B2}.Debug|Any CPU.ActiveCfg = Debug|Any CPU
		{C30955AF-BE21-4F09-A5D6-FE1C63F6D8B2}.Debug|Any CPU.Build.0 = Debug|Any CPU
		{C30955AF-BE21-4F09-A5D6-FE1C63F6D8B2}.Release|Any CPU.ActiveCfg = Release|Any CPU
		{C30955AF-BE21-4F09-A5D6-FE1C63F6D8B2}.Release|Any CPU.Build.0 = Release|Any CPU
		{BFDB2FB0-A4BE-4C8F-AB4A-E059E8C6D069}.Debug|Any CPU.ActiveCfg = Debug|Any CPU
		{BFDB2FB0-A4BE-4C8F-AB4A-E059E8C6D069}.Debug|Any CPU.Build.0 = Debug|Any CPU
		{BFDB2FB0-A4BE-4C8F-AB4A-E059E8C6D069}.Release|Any CPU.ActiveCfg = Release|Any CPU
		{BFDB2FB0-A4BE-4C8F-AB4A-E059E8C6D069}.Release|Any CPU.Build.0 = Release|Any CPU
	EndGlobalSection
	GlobalSection(SolutionProperties) = preSolution
		HideSolutionNode = FALSE
	EndGlobalSection
	GlobalSection(ExtensibilityGlobals) = postSolution
		SolutionGuid = {9F3E721F-D07C-4360-8226-63369F720653}
	EndGlobalSection
EndGlobal
