
Microsoft Visual Studio Solution File, Format Version 12.00
# Visual Studio Version 17
VisualStudioVersion = 17.5.33516.290
MinimumVisualStudioVersion = 10.0.40219.1
Project("{9A19103F-16F7-4668-BE54-9A1E7A4F7556}") = "LabClases2", "LabClases2\LabClases2.csproj", "{11333457-958B-452D-AB80-3D73DBA77EE2}"
EndProject
Project("{FAE04EC0-301F-11D3-BF4B-00C04F79EFBC}") = "Clases", "Clases\Clases.csproj", "{11106AAA-9391-4FE1-A0B9-49FBF8BADBC0}"
EndProject
Global
	GlobalSection(SolutionConfigurationPlatforms) = preSolution
		Debug|Any CPU = Debug|Any CPU
		Release|Any CPU = Release|Any CPU
	EndGlobalSection
	GlobalSection(ProjectConfigurationPlatforms) = postSolution
		{11333457-958B-452D-AB80-3D73DBA77EE2}.Debug|Any CPU.ActiveCfg = Debug|Any CPU
		{11333457-958B-452D-AB80-3D73DBA77EE2}.Debug|Any CPU.Build.0 = Debug|Any CPU
		{11333457-958B-452D-AB80-3D73DBA77EE2}.Release|Any CPU.ActiveCfg = Release|Any CPU
		{11333457-958B-452D-AB80-3D73DBA77EE2}.Release|Any CPU.Build.0 = Release|Any CPU
		{11106AAA-9391-4FE1-A0B9-49FBF8BADBC0}.Debug|Any CPU.ActiveCfg = Debug|Any CPU
		{11106AAA-9391-4FE1-A0B9-49FBF8BADBC0}.Debug|Any CPU.Build.0 = Debug|Any CPU
		{11106AAA-9391-4FE1-A0B9-49FBF8BADBC0}.Release|Any CPU.ActiveCfg = Release|Any CPU
		{11106AAA-9391-4FE1-A0B9-49FBF8BADBC0}.Release|Any CPU.Build.0 = Release|Any CPU
	EndGlobalSection
	GlobalSection(SolutionProperties) = preSolution
		HideSolutionNode = FALSE
	EndGlobalSection
	GlobalSection(ExtensibilityGlobals) = postSolution
		SolutionGuid = {EA4EBA6D-DAF6-424D-B701-9FEAF7655000}
	EndGlobalSection
EndGlobal
